// !$*UTF8*$!
{
	archiveVersion = 1;
	classes = {
	};
	objectVersion = 46;
	objects = {

/* Begin PBXBuildFile section */
		326F13E41C147F2F00C50E8B /* AppDelegate.swift in Sources */ = {isa = PBXBuildFile; fileRef = 326F13E31C147F2F00C50E8B /* AppDelegate.swift */; };
		326F13E61C147F2F00C50E8B /* ViewController.swift in Sources */ = {isa = PBXBuildFile; fileRef = 326F13E51C147F2F00C50E8B /* ViewController.swift */; };
		326F13E91C147F2F00C50E8B /* Main.storyboard in Resources */ = {isa = PBXBuildFile; fileRef = 326F13E71C147F2F00C50E8B /* Main.storyboard */; };
		326F13EB1C147F2F00C50E8B /* Assets.xcassets in Resources */ = {isa = PBXBuildFile; fileRef = 326F13EA1C147F2F00C50E8B /* Assets.xcassets */; };
		326F13EE1C147F2F00C50E8B /* LaunchScreen.storyboard in Resources */ = {isa = PBXBuildFile; fileRef = 326F13EC1C147F2F00C50E8B /* LaunchScreen.storyboard */; };
		326F13F91C147F2F00C50E8B /* _0151206Tests.swift in Sources */ = {isa = PBXBuildFile; fileRef = 326F13F81C147F2F00C50E8B /* _0151206Tests.swift */; };
		326F14041C147F2F00C50E8B /* _0151206UITests.swift in Sources */ = {isa = PBXBuildFile; fileRef = 326F14031C147F2F00C50E8B /* _0151206UITests.swift */; };
/* End PBXBuildFile section */

/* Begin PBXContainerItemProxy section */
		326F13F51C147F2F00C50E8B /* PBXContainerItemProxy */ = {
			isa = PBXContainerItemProxy;
			containerPortal = 326F13D81C147F2F00C50E8B /* Project object */;
			proxyType = 1;
			remoteGlobalIDString = 326F13DF1C147F2F00C50E8B;
			remoteInfo = 20151206;
		};
		326F14001C147F2F00C50E8B /* PBXContainerItemProxy */ = {
			isa = PBXContainerItemProxy;
			containerPortal = 326F13D81C147F2F00C50E8B /* Project object */;
			proxyType = 1;
			remoteGlobalIDString = 326F13DF1C147F2F00C50E8B;
			remoteInfo = 20151206;
		};
/* End PBXContainerItemProxy section */

/* Begin PBXFileReference section */
		326F13E01C147F2F00C50E8B /* 20151206.app */ = {isa = PBXFileReference; explicitFileType = wrapper.application; includeInIndex = 0; path = 20151206.app; sourceTree = BUILT_PRODUCTS_DIR; };
		326F13E31C147F2F00C50E8B /* AppDelegate.swift */ = {isa = PBXFileReference; lastKnownFileType = sourcecode.swift; path = AppDelegate.swift; sourceTree = "<group>"; };
		326F13E51C147F2F00C50E8B /* ViewController.swift */ = {isa = PBXFileReference; lastKnownFileType = sourcecode.swift; path = ViewController.swift; sourceTree = "<group>"; };
		326F13E81C147F2F00C50E8B /* Base */ = {isa = PBXFileReference; lastKnownFileType = file.storyboard; name = Base; path = Base.lproj/Main.storyboard; sourceTree = "<group>"; };
		326F13EA1C147F2F00C50E8B /* Assets.xcassets */ = {isa = PBXFileReference; lastKnownFileType = folder.assetcatalog; path = Assets.xcassets; sourceTree = "<group>"; };
		326F13ED1C147F2F00C50E8B /* Base */ = {isa = PBXFileReference; lastKnownFileType = file.storyboard; name = Base; path = Base.lproj/LaunchScreen.storyboard; sourceTree = "<group>"; };
		326F13EF1C147F2F00C50E8B /* Info.plist */ = {isa = PBXFileReference; lastKnownFileType = text.plist.xml; path = Info.plist; sourceTree = "<group>"; };
		326F13F41C147F2F00C50E8B /* 20151206Tests.xctest */ = {isa = PBXFileReference; explicitFileType = wrapper.cfbundle; includeInIndex = 0; path = 20151206Tests.xctest; sourceTree = BUILT_PRODUCTS_DIR; };
		326F13F81C147F2F00C50E8B /* _0151206Tests.swift */ = {isa = PBXFileReference; lastKnownFileType = sourcecode.swift; path = _0151206Tests.swift; sourceTree = "<group>"; };
		326F13FA1C147F2F00C50E8B /* Info.plist */ = {isa = PBXFileReference; lastKnownFileType = text.plist.xml; path = Info.plist; sourceTree = "<group>"; };
		326F13FF1C147F2F00C50E8B /* 20151206UITests.xctest */ = {isa = PBXFileReference; explicitFileType = wrapper.cfbundle; includeInIndex = 0; path = 20151206UITests.xctest; sourceTree = BUILT_PRODUCTS_DIR; };
		326F14031C147F2F00C50E8B /* _0151206UITests.swift */ = {isa = PBXFileReference; lastKnownFileType = sourcecode.swift; path = _0151206UITests.swift; sourceTree = "<group>"; };
		326F14051C147F2F00C50E8B /* Info.plist */ = {isa = PBXFileReference; lastKnownFileType = text.plist.xml; path = Info.plist; sourceTree = "<group>"; };
/* End PBXFileReference section */

/* Begin PBXFrameworksBuildPhase section */
		326F13DD1C147F2F00C50E8B /* Frameworks */ = {
			isa = PBXFrameworksBuildPhase;
			buildActionMask = 2147483647;
			files = (
			);
			runOnlyForDeploymentPostprocessing = 0;
		};
		326F13F11C147F2F00C50E8B /* Frameworks */ = {
			isa = PBXFrameworksBuildPhase;
			buildActionMask = 2147483647;
			files = (
			);
			runOnlyForDeploymentPostprocessing = 0;
		};
		326F13FC1C147F2F00C50E8B /* Frameworks */ = {
			isa = PBXFrameworksBuildPhase;
			buildActionMask = 2147483647;
			files = (
			);
			runOnlyForDeploymentPostprocessing = 0;
		};
/* End PBXFrameworksBuildPhase section */

/* Begin PBXGroup section */
		326F13D71C147F2F00C50E8B = {
			isa = PBXGroup;
			children = (
				326F13E21C147F2F00C50E8B /* 20151206 */,
				326F13F71C147F2F00C50E8B /* 20151206Tests */,
				326F14021C147F2F00C50E8B /* 20151206UITests */,
				326F13E11C147F2F00C50E8B /* Products */,
			);
			sourceTree = "<group>";
		};
		326F13E11C147F2F00C50E8B /* Products */ = {
			isa = PBXGroup;
			children = (
				326F13E01C147F2F00C50E8B /* 20151206.app */,
				326F13F41C147F2F00C50E8B /* 20151206Tests.xctest */,
				326F13FF1C147F2F00C50E8B /* 20151206UITests.xctest */,
			);
			name = Products;
			sourceTree = "<group>";
		};
		326F13E21C147F2F00C50E8B /* 20151206 */ = {
			isa = PBXGroup;
			children = (
				326F13E31C147F2F00C50E8B /* AppDelegate.swift */,
				326F13E51C147F2F00C50E8B /* ViewController.swift */,
				326F13E71C147F2F00C50E8B /* Main.storyboard */,
				326F13EA1C147F2F00C50E8B /* Assets.xcassets */,
				326F13EC1C147F2F00C50E8B /* LaunchScreen.storyboard */,
				326F13EF1C147F2F00C50E8B /* Info.plist */,
			);
			path = 20151206;
			sourceTree = "<group>";
		};
		326F13F71C147F2F00C50E8B /* 20151206Tests */ = {
			isa = PBXGroup;
			children = (
				326F13F81C147F2F00C50E8B /* _0151206Tests.swift */,
				326F13FA1C147F2F00C50E8B /* Info.plist */,
			);
			path = 20151206Tests;
			sourceTree = "<group>";
		};
		326F14021C147F2F00C50E8B /* 20151206UITests */ = {
			isa = PBXGroup;
			children = (
				326F14031C147F2F00C50E8B /* _0151206UITests.swift */,
				326F14051C147F2F00C50E8B /* Info.plist */,
			);
			path = 20151206UITests;
			sourceTree = "<group>";
		};
/* End PBXGroup section */

/* Begin PBXNativeTarget section */
		326F13DF1C147F2F00C50E8B /* 20151206 */ = {
			isa = PBXNativeTarget;
			buildConfigurationList = 326F14081C147F2F00C50E8B /* Build configuration list for PBXNativeTarget "20151206" */;
			buildPhases = (
				326F13DC1C147F2F00C50E8B /* Sources */,
				326F13DD1C147F2F00C50E8B /* Frameworks */,
				326F13DE1C147F2F00C50E8B /* Resources */,
			);
			buildRules = (
			);
			dependencies = (
			);
			name = 20151206;
			productName = 20151206;
			productReference = 326F13E01C147F2F00C50E8B /* 20151206.app */;
			productType = "com.apple.product-type.application";
		};
		326F13F31C147F2F00C50E8B /* 20151206Tests */ = {
			isa = PBXNativeTarget;
			buildConfigurationList = 326F140B1C147F2F00C50E8B /* Build configuration list for PBXNativeTarget "20151206Tests" */;
			buildPhases = (
				326F13F01C147F2F00C50E8B /* Sources */,
				326F13F11C147F2F00C50E8B /* Frameworks */,
				326F13F21C147F2F00C50E8B /* Resources */,
			);
			buildRules = (
			);
			dependencies = (
				326F13F61C147F2F00C50E8B /* PBXTargetDependency */,
			);
			name = 20151206Tests;
			productName = 20151206Tests;
			productReference = 326F13F41C147F2F00C50E8B /* 20151206Tests.xctest */;
			productType = "com.apple.product-type.bundle.unit-test";
		};
		326F13FE1C147F2F00C50E8B /* 20151206UITests */ = {
			isa = PBXNativeTarget;
			buildConfigurationList = 326F140E1C147F2F00C50E8B /* Build configuration list for PBXNativeTarget "20151206UITests" */;
			buildPhases = (
				326F13FB1C147F2F00C50E8B /* Sources */,
				326F13FC1C147F2F00C50E8B /* Frameworks */,
				326F13FD1C147F2F00C50E8B /* Resources */,
			);
			buildRules = (
			);
			dependencies = (
				326F14011C147F2F00C50E8B /* PBXTargetDependency */,
			);
			name = 20151206UITests;
			productName = 20151206UITests;
			productReference = 326F13FF1C147F2F00C50E8B /* 20151206UITests.xctest */;
			productType = "com.apple.product-type.bundle.ui-testing";
		};
/* End PBXNativeTarget section */

/* Begin PBXProject section */
		326F13D81C147F2F00C50E8B /* Project object */ = {
			isa = PBXProject;
			attributes = {
				LastUpgradeCheck = 0700;
				ORGANIZATIONNAME = "Fumiya Yamanaka";
				TargetAttributes = {
					326F13DF1C147F2F00C50E8B = {
						CreatedOnToolsVersion = 7.0;
					};
					326F13F31C147F2F00C50E8B = {
						CreatedOnToolsVersion = 7.0;
						TestTargetID = 326F13DF1C147F2F00C50E8B;
					};
					326F13FE1C147F2F00C50E8B = {
						CreatedOnToolsVersion = 7.0;
						TestTargetID = 326F13DF1C147F2F00C50E8B;
					};
				};
			};
			buildConfigurationList = 326F13DB1C147F2F00C50E8B /* Build configuration list for PBXProject "20151206" */;
			compatibilityVersion = "Xcode 3.2";
			developmentRegion = English;
			hasScannedForEncodings = 0;
			knownRegions = (
				en,
				Base,
			);
			mainGroup = 326F13D71C147F2F00C50E8B;
			productRefGroup = 326F13E11C147F2F00C50E8B /* Products */;
			projectDirPath = "";
			projectRoot = "";
			targets = (
				326F13DF1C147F2F00C50E8B /* 20151206 */,
				326F13F31C147F2F00C50E8B /* 20151206Tests */,
				326F13FE1C147F2F00C50E8B /* 20151206UITests */,
			);
		};
/* End PBXProject section */

/* Begin PBXResourcesBuildPhase section */
		326F13DE1C147F2F00C50E8B /* Resources */ = {
			isa = PBXResourcesBuildPhase;
			buildActionMask = 2147483647;
			files = (
				326F13EE1C147F2F00C50E8B /* LaunchScreen.storyboard in Resources */,
				326F13EB1C147F2F00C50E8B /* Assets.xcassets in Resources */,
				326F13E91C147F2F00C50E8B /* Main.storyboard in Resources */,
			);
			runOnlyForDeploymentPostprocessing = 0;
		};
		326F13F21C147F2F00C50E8B /* Resources */ = {
			isa = PBXResourcesBuildPhase;
			buildActionMask = 2147483647;
			files = (
			);
			runOnlyForDeploymentPostprocessing = 0;
		};
		326F13FD1C147F2F00C50E8B /* Resources */ = {
			isa = PBXResourcesBuildPhase;
			buildActionMask = 2147483647;
			files = (
			);
			runOnlyForDeploymentPostprocessing = 0;
		};
/* End PBXResourcesBuildPhase section */

/* Begin PBXSourcesBuildPhase section */
		326F13DC1C147F2F00C50E8B /* Sources */ = {
			isa = PBXSourcesBuildPhase;
			buildActionMask = 2147483647;
			files = (
				326F13E61C147F2F00C50E8B /* ViewController.swift in Sources */,
				326F13E41C147F2F00C50E8B /* AppDelegate.swift in Sources */,
			);
			runOnlyForDeploymentPostprocessing = 0;
		};
		326F13F01C147F2F00C50E8B /* Sources */ = {
			isa = PBXSourcesBuildPhase;
			buildActionMask = 2147483647;
			files = (
				326F13F91C147F2F00C50E8B /* _0151206Tests.swift in Sources */,
			);
			runOnlyForDeploymentPostprocessing = 0;
		};
		326F13FB1C147F2F00C50E8B /* Sources */ = {
			isa = PBXSourcesBuildPhase;
			buildActionMask = 2147483647;
			files = (
				326F14041C147F2F00C50E8B /* _0151206UITests.swift in Sources */,
			);
			runOnlyForDeploymentPostprocessing = 0;
		};
/* End PBXSourcesBuildPhase section */

/* Begin PBXTargetDependency section */
		326F13F61C147F2F00C50E8B /* PBXTargetDependency */ = {
			isa = PBXTargetDependency;
			target = 326F13DF1C147F2F00C50E8B /* 20151206 */;
			targetProxy = 326F13F51C147F2F00C50E8B /* PBXContainerItemProxy */;
		};
		326F14011C147F2F00C50E8B /* PBXTargetDependency */ = {
			isa = PBXTargetDependency;
			target = 326F13DF1C147F2F00C50E8B /* 20151206 */;
			targetProxy = 326F14001C147F2F00C50E8B /* PBXContainerItemProxy */;
		};
/* End PBXTargetDependency section */

/* Begin PBXVariantGroup section */
		326F13E71C147F2F00C50E8B /* Main.storyboard */ = {
			isa = PBXVariantGroup;
			children = (
				326F13E81C147F2F00C50E8B /* Base */,
			);
			name = Main.storyboard;
			sourceTree = "<group>";
		};
		326F13EC1C147F2F00C50E8B /* LaunchScreen.storyboard */ = {
			isa = PBXVariantGroup;
			children = (
				326F13ED1C147F2F00C50E8B /* Base */,
			);
			name = LaunchScreen.storyboard;
			sourceTree = "<group>";
		};
/* End PBXVariantGroup section */

/* Begin XCBuildConfiguration section */
		326F14061C147F2F00C50E8B /* Debug */ = {
			isa = XCBuildConfiguration;
			buildSettings = {
				ALWAYS_SEARCH_USER_PATHS = NO;
				CLANG_CXX_LANGUAGE_STANDARD = "gnu++0x";
				CLANG_CXX_LIBRARY = "libc++";
				CLANG_ENABLE_MODULES = YES;
				CLANG_ENABLE_OBJC_ARC = YES;
				CLANG_WARN_BOOL_CONVERSION = YES;
				CLANG_WARN_CONSTANT_CONVERSION = YES;
				CLANG_WARN_DIRECT_OBJC_ISA_USAGE = YES_ERROR;
				CLANG_WARN_EMPTY_BODY = YES;
				CLANG_WARN_ENUM_CONVERSION = YES;
				CLANG_WARN_INT_CONVERSION = YES;
				CLANG_WARN_OBJC_ROOT_CLASS = YES_ERROR;
				CLANG_WARN_UNREACHABLE_CODE = YES;
				CLANG_WARN__DUPLICATE_METHOD_MATCH = YES;
				"CODE_SIGN_IDENTITY[sdk=iphoneos*]" = "iPhone Developer";
				COPY_PHASE_STRIP = NO;
				DEBUG_INFORMATION_FORMAT = dwarf;
				ENABLE_STRICT_OBJC_MSGSEND = YES;
				ENABLE_TESTABILITY = YES;
				GCC_C_LANGUAGE_STANDARD = gnu99;
				GCC_DYNAMIC_NO_PIC = NO;
				GCC_NO_COMMON_BLOCKS = YES;
				GCC_OPTIMIZATION_LEVEL = 0;
				GCC_PREPROCESSOR_DEFINITIONS = (
					"DEBUG=1",
					"$(inherited)",
				);
				GCC_WARN_64_TO_32_BIT_CONVERSION = YES;
				GCC_WARN_ABOUT_RETURN_TYPE = YES_ERROR;
				GCC_WARN_UNDECLARED_SELECTOR = YES;
				GCC_WARN_UNINITIALIZED_AUTOS = YES_AGGRESSIVE;
				GCC_WARN_UNUSED_FUNCTION = YES;
				GCC_WARN_UNUSED_VARIABLE = YES;
				IPHONEOS_DEPLOYMENT_TARGET = 9.0;
				MTL_ENABLE_DEBUG_INFO = YES;
				ONLY_ACTIVE_ARCH = YES;
				SDKROOT = iphoneos;
				SWIFT_OPTIMIZATION_LEVEL = "-Onone";
			};
			name = Debug;
		};
		326F14071C147F2F00C50E8B /* Release */ = {
			isa = XCBuildConfiguration;
			buildSettings = {
				ALWAYS_SEARCH_USER_PATHS = NO;
				CLANG_CXX_LANGUAGE_STANDARD = "gnu++0x";
				CLANG_CXX_LIBRARY = "libc++";
				CLANG_ENABLE_MODULES = YES;
				CLANG_ENABLE_OBJC_ARC = YES;
				CLANG_WARN_BOOL_CONVERSION = YES;
				CLANG_WARN_CONSTANT_CONVERSION = YES;
				CLANG_WARN_DIRECT_OBJC_ISA_USAGE = YES_ERROR;
				CLANG_WARN_EMPTY_BODY = YES;
				CLANG_WARN_ENUM_CONVERSION = YES;
				CLANG_WARN_INT_CONVERSION = YES;
				CLANG_WARN_OBJC_ROOT_CLASS = YES_ERROR;
				CLANG_WARN_UNREACHABLE_CODE = YES;
				CLANG_WARN__DUPLICATE_METHOD_MATCH = YES;
				"CODE_SIGN_IDENTITY[sdk=iphoneos*]" = "iPhone Developer";
				COPY_PHASE_STRIP = NO;
				DEBUG_INFORMATION_FORMAT = "dwarf-with-dsym";
				ENABLE_NS_ASSERTIONS = NO;
				ENABLE_STRICT_OBJC_MSGSEND = YES;
				GCC_C_LANGUAGE_STANDARD = gnu99;
				GCC_NO_COMMON_BLOCKS = YES;
				GCC_WARN_64_TO_32_BIT_CONVERSION = YES;
				GCC_WARN_ABOUT_RETURN_TYPE = YES_ERROR;
				GCC_WARN_UNDECLARED_SELECTOR = YES;
				GCC_WARN_UNINITIALIZED_AUTOS = YES_AGGRESSIVE;
				GCC_WARN_UNUSED_FUNCTION = YES;
				GCC_WARN_UNUSED_VARIABLE = YES;
				IPHONEOS_DEPLOYMENT_TARGET = 9.0;
				MTL_ENABLE_DEBUG_INFO = NO;
				SDKROOT = iphoneos;
				VALIDATE_PRODUCT = YES;
			};
			name = Release;
		};
		326F14091C147F2F00C50E8B /* Debug */ = {
			isa = XCBuildConfiguration;
			buildSettings = {
				ASSETCATALOG_COMPILER_APPICON_NAME = AppIcon;
				INFOPLIST_FILE = 20151206/Info.plist;
				LD_RUNPATH_SEARCH_PATHS = "$(inherited) @executable_path/Frameworks";
				PRODUCT_BUNDLE_IDENTIFIER = "com.yamanakafumiya.-0151206";
				PRODUCT_NAME = "$(TARGET_NAME)";
			};
			name = Debug;
		};
		326F140A1C147F2F00C50E8B /* Release */ = {
			isa = XCBuildConfiguration;
			buildSettings = {
				ASSETCATALOG_COMPILER_APPICON_NAME = AppIcon;
				INFOPLIST_FILE = 20151206/Info.plist;
				LD_RUNPATH_SEARCH_PATHS = "$(inherited) @executable_path/Frameworks";
				PRODUCT_BUNDLE_IDENTIFIER = "com.yamanakafumiya.-0151206";
				PRODUCT_NAME = "$(TARGET_NAME)";
			};
			name = Release;
		};
		326F140C1C147F2F00C50E8B /* Debug */ = {
			isa = XCBuildConfiguration;
			buildSettings = {
				BUNDLE_LOADER = "$(TEST_HOST)";
				INFOPLIST_FILE = 20151206Tests/Info.plist;
				LD_RUNPATH_SEARCH_PATHS = "$(inherited) @executable_path/Frameworks @loader_path/Frameworks";
				PRODUCT_BUNDLE_IDENTIFIER = "com.yamanakafumiya.-0151206Tests";
				PRODUCT_NAME = "$(TARGET_NAME)";
				TEST_HOST = "$(BUILT_PRODUCTS_DIR)/20151206.app/20151206";
			};
			name = Debug;
		};
		326F140D1C147F2F00C50E8B /* Release */ = {
			isa = XCBuildConfiguration;
			buildSettings = {
				BUNDLE_LOADER = "$(TEST_HOST)";
				INFOPLIST_FILE = 20151206Tests/Info.plist;
				LD_RUNPATH_SEARCH_PATHS = "$(inherited) @executable_path/Frameworks @loader_path/Frameworks";
				PRODUCT_BUNDLE_IDENTIFIER = "com.yamanakafumiya.-0151206Tests";
				PRODUCT_NAME = "$(TARGET_NAME)";
				TEST_HOST = "$(BUILT_PRODUCTS_DIR)/20151206.app/20151206";
			};
			name = Release;
		};
		326F140F1C147F2F00C50E8B /* Debug */ = {
			isa = XCBuildConfiguration;
			buildSettings = {
				INFOPLIST_FILE = 20151206UITests/Info.plist;
				LD_RUNPATH_SEARCH_PATHS = "$(inherited) @executable_path/Frameworks @loader_path/Frameworks";
				PRODUCT_BUNDLE_IDENTIFIER = "com.yamanakafumiya.-0151206UITests";
				PRODUCT_NAME = "$(TARGET_NAME)";
				TEST_TARGET_NAME = 20151206;
				USES_XCTRUNNER = YES;
			};
			name = Debug;
		};
		326F14101C147F2F00C50E8B /* Release */ = {
			isa = XCBuildConfiguration;
			buildSettings = {
				INFOPLIST_FILE = 20151206UITests/Info.plist;
				LD_RUNPATH_SEARCH_PATHS = "$(inherited) @executable_path/Frameworks @loader_path/Frameworks";
				PRODUCT_BUNDLE_IDENTIFIER = "com.yamanakafumiya.-0151206UITests";
				PRODUCT_NAME = "$(TARGET_NAME)";
				TEST_TARGET_NAME = 20151206;
				USES_XCTRUNNER = YES;
			};
			name = Release;
		};
/* End XCBuildConfiguration section */

/* Begin XCConfigurationList section */
		326F13DB1C147F2F00C50E8B /* Build configuration list for PBXProject "20151206" */ = {
			isa = XCConfigurationList;
			buildConfigurations = (
				326F14061C147F2F00C50E8B /* Debug */,
				326F14071C147F2F00C50E8B /* Release */,
			);
			defaultConfigurationIsVisible = 0;
			defaultConfigurationName = Release;
		};
		326F14081C147F2F00C50E8B /* Build configuration list for PBXNativeTarget "20151206" */ = {
			isa = XCConfigurationList;
			buildConfigurations = (
				326F14091C147F2F00C50E8B /* Debug */,
				326F140A1C147F2F00C50E8B /* Release */,
			);
			defaultConfigurationIsVisible = 0;
		};
		326F140B1C147F2F00C50E8B /* Build configuration list for PBXNativeTarget "20151206Tests" */ = {
			isa = XCConfigurationList;
			buildConfigurations = (
				326F140C1C147F2F00C50E8B /* Debug */,
				326F140D1C147F2F00C50E8B /* Release */,
			);
			defaultConfigurationIsVisible = 0;
		};
		326F140E1C147F2F00C50E8B /* Build configuration list for PBXNativeTarget "20151206UITests" */ = {
			isa = XCConfigurationList;
			buildConfigurations = (
				326F140F1C147F2F00C50E8B /* Debug */,
				326F14101C147F2F00C50E8B /* Release */,
			);
			defaultConfigurationIsVisible = 0;
		};
/* End XCConfigurationList section */
	};
	rootObject = 326F13D81C147F2F00C50E8B /* Project object */;
}
